
Microsoft Visual Studio Solution File, Format Version 12.00
# Visual Studio Version 17
VisualStudioVersion = 17.8.34322.80
MinimumVisualStudioVersion = 10.0.40219.1
Project("{888888A0-9F3D-457C-B088-3A5042F75D52}") = "OSCClient", "OSCClient.pyproj", "{760189C1-13EE-4932-83F5-98B9EBF9C22A}"
EndProject
Global
	GlobalSection(SolutionConfigurationPlatforms) = preSolution
		Debug|Any CPU = Debug|Any CPU
		Release|Any CPU = Release|Any CPU
	EndGlobalSection
	GlobalSection(ProjectConfigurationPlatforms) = postSolution
		{760189C1-13EE-4932-83F5-98B9EBF9C22A}.Debug|Any CPU.ActiveCfg = Debug|Any CPU
		{760189C1-13EE-4932-83F5-98B9EBF9C22A}.Release|Any CPU.ActiveCfg = Release|Any CPU
	EndGlobalSection
	GlobalSection(SolutionProperties) = preSolution
		HideSolutionNode = FALSE
	EndGlobalSection
	GlobalSection(ExtensibilityGlobals) = postSolution
		SolutionGuid = {C2DA18F2-9574-4029-A5C6-BE20D2588CBF}
	EndGlobalSection
EndGlobal
